PODS:
  - Flutter (1.0.0)
  - proximity_sensor (0.0.1):
    - Flutter

DEPENDENCIES:
  - Flutter (from `Flutter`)
  - proximity_sensor (from `.symlinks/plugins/proximity_sensor/ios`)

EXTERNAL SOURCES:
  Flutter:
    :path: Flutter
  proximity_sensor:
    :path: ".symlinks/plugins/proximity_sensor/ios"

SPEC CHECKSUMS:
  Flutter: f04841e97a9d0b0a8025694d0796dd46242b2854
  proximity_sensor: 87bc974f9d94b03b4b5911ff1f93a61e561e6183

PODFILE CHECKSUM: 70d9d25280d0dd177a5f637cdb0f0b0b12c6a189

COCOAPODS: 1.12.1
